
Microsoft Visual Studio Solution File, Format Version 12.00
# Visual Studio Version 17
VisualStudioVersion = 17.14.37301.10 d17.14
MinimumVisualStudioVersion = 10.0.40219.1
Project("{FAE04EC0-301F-11D3-BF4B-00C04F79EFBC}") = "app3C", "app3C\app3C.csproj", "{79A3734A-E863-4F6F-88C3-EEC14AFA1F63}"
EndProject
Global
	GlobalSection(SolutionConfigurationPlatforms) = preSolution
		Debug|Any CPU = Debug|Any CPU
		Release|Any CPU = Release|Any CPU
	EndGlobalSection
	GlobalSection(ProjectConfigurationPlatforms) = postSolution
		{79A3734A-E863-4F6F-88C3-EEC14AFA1F63}.Debug|Any CPU.ActiveCfg = Debug|Any CPU
		{79A3734A-E863-4F6F-88C3-EEC14AFA1F63}.Debug|Any CPU.Build.0 = Debug|Any CPU
		{79A3734A-E863-4F6F-88C3-EEC14AFA1F63}.Release|Any CPU.ActiveCfg = Release|Any CPU
		{79A3734A-E863-4F6F-88C3-EEC14AFA1F63}.Release|Any CPU.Build.0 = Release|Any CPU
	EndGlobalSection
	GlobalSection(SolutionProperties) = preSolution
		HideSolutionNode = FALSE
	EndGlobalSection
	GlobalSection(ExtensibilityGlobals) = postSolution
		SolutionGuid = {219D70B1-5869-4BE0-9EBD-75B10EE6B584}
	EndGlobalSection
EndGlobal
